<?xml version="1.0" encoding="utf-8"?>
<Project ToolsVersion="4.0" xmlns="http://schemas.microsoft.com/developer/msbuild/2003">
  <ItemGroup>
    <Filter Include="Source Files">
      <UniqueIdentifier>{4FC737F1-C7A5-4376-A066-2A32D752A2FF}</UniqueIdentifier>
      <Extensions>cpp;c;cc;cxx;c++;cppm;ixx;def;odl;idl;hpj;bat;asm;asmx</Extensions>
    </Filter>
    <Filter Include="Header Files">
      <UniqueIdentifier>{93995380-89BD-4b04-88EB-625FBE52EBFB}</UniqueIdentifier>
      <Extensions>h;hh;hpp;hxx;h++;hm;inl;inc;ipp;xsd</Extensions>
    </Filter>
    <Filter Include="Resource Files">
      <UniqueIdentifier>{67DA6AB6-F800-4c08-8B7A-83BB121AAD01}</UniqueIdentifier>
      <Extensions>rc;ico;cur;bmp;dlg;rc2;rct;bin;rgs;gif;jpg;jpeg;jpe;resx;tiff;tif;png;wav;mfcribbon-ms</Extensions>
    </Filter>
  </ItemGroup>
  <ItemGroup>
    <ClCompile Include="kerr_main.cpp">
      <Filter>Source Files</Filter>
    </ClCompile>
    <ClCompile Include="kerr_math.cpp">
      <Filter>Source Files</Filter>
    </ClCompile>
    <ClCompile Include="primitives\color.cpp">
      <Filter>Source Files</Filter>
    </ClCompile>
    <ClCompile Include="primitives\intersection.cpp">
      <Filter>Source Files</Filter>
    </ClCompile>
    <ClCompile Include="primitives\intersections.cpp">
      <Filter>Source Files</Filter>
    </ClCompile>
    <ClCompile Include="primitives\matrix.cpp">
      <Filter>Source Files</Filter>
    </ClCompile>
    <ClCompile Include="primitives\ray.cpp">
      <Filter>Source Files</Filter>
    </ClCompile>
    <ClCompile Include="primitives\transformation.cpp">
      <Filter>Source Files</Filter>
    </ClCompile>
    <ClCompile Include="primitives\tuple.cpp">
      <Filter>Source Files</Filter>
    </ClCompile>
    <ClCompile Include="lights\light.cpp">
      <Filter>Source Files</Filter>
    </ClCompile>
    <ClCompile Include="lights\point_light.cpp">
      <Filter>Source Files</Filter>
    </ClCompile>
    <ClCompile Include="patterns\pattern.cpp">
      <Filter>Source Files</Filter>
    </ClCompile>
    <ClCompile Include="scene\camera.cpp">
      <Filter>Source Files</Filter>
    </ClCompile>
    <ClCompile Include="scene\canvas.cpp">
      <Filter>Source Files</Filter>
    </ClCompile>
    <ClCompile Include="scene\prepared_computation.cpp">
      <Filter>Source Files</Filter>
    </ClCompile>
    <ClCompile Include="scene\world.cpp">
      <Filter>Source Files</Filter>
    </ClCompile>
    <ClCompile Include="shapes\bounding_box.cpp">
      <Filter>Source Files</Filter>
    </ClCompile>
    <ClCompile Include="shapes\cone.cpp">
      <Filter>Source Files</Filter>
    </ClCompile>
    <ClCompile Include="shapes\cube.cpp">
      <Filter>Source Files</Filter>
    </ClCompile>
    <ClCompile Include="shapes\cylinder.cpp">
      <Filter>Source Files</Filter>
    </ClCompile>
    <ClCompile Include="shapes\glass_sphere.cpp">
      <Filter>Source Files</Filter>
    </ClCompile>
    <ClCompile Include="shapes\group.cpp">
      <Filter>Source Files</Filter>
    </ClCompile>
    <ClCompile Include="shapes\material.cpp">
      <Filter>Source Files</Filter>
    </ClCompile>
    <ClCompile Include="shapes\plane.cpp">
      <Filter>Source Files</Filter>
    </ClCompile>
    <ClCompile Include="shapes\shape.cpp">
      <Filter>Source Files</Filter>
    </ClCompile>
    <ClCompile Include="shapes\sphere.cpp">
      <Filter>Source Files</Filter>
    </ClCompile>
    <ClCompile Include="shapes\hexagon.cpp">
      <Filter>Source Files</Filter>
    </ClCompile>
    <ClCompile Include="shapes\triangle.cpp">
      <Filter>Source Files</Filter>
    </ClCompile>
    <ClCompile Include="shapes\obj_parser.cpp">
      <Filter>Source Files</Filter>
    </ClCompile>
    <ClCompile Include="samples\sample_teddy.cpp">
      <Filter>Source Files</Filter>
    </ClCompile>
    <ClCompile Include="samples\sample_glass_spheres.cpp">
      <Filter>Source Files</Filter>
    </ClCompile>
    <ClCompile Include="samples\sample_scene.cpp">
      <Filter>Source Files</Filter>
    </ClCompile>
  </ItemGroup>
  <ItemGroup>
    <ClInclude Include="kerr_inline.h">
      <Filter>Header Files</Filter>
    </ClInclude>
    <ClInclude Include="kerr_engine.h">
      <Filter>Header Files</Filter>
    </ClInclude>
    <ClInclude Include="kerr_math.h">
      <Filter>Header Files</Filter>
    </ClInclude>
    <ClInclude Include="primitives\tuple.h">
      <Filter>Header Files</Filter>
    </ClInclude>
    <ClInclude Include="primitives\color.h">
      <Filter>Header Files</Filter>
    </ClInclude>
    <ClInclude Include="primitives\intersection.h">
      <Filter>Header Files</Filter>
    </ClInclude>
    <ClInclude Include="primitives\intersections.h">
      <Filter>Header Files</Filter>
    </ClInclude>
    <ClInclude Include="primitives\matrix.h">
      <Filter>Header Files</Filter>
    </ClInclude>
    <ClInclude Include="primitives\ray.h">
      <Filter>Header Files</Filter>
    </ClInclude>
    <ClInclude Include="primitives\transformation.h">
      <Filter>Header Files</Filter>
    </ClInclude>
    <ClInclude Include="lights\light.h">
      <Filter>Header Files</Filter>
    </ClInclude>
    <ClInclude Include="lights\point_light.h">
      <Filter>Header Files</Filter>
    </ClInclude>
    <ClInclude Include="patterns\checker_pattern.h">
      <Filter>Header Files</Filter>
    </ClInclude>
    <ClInclude Include="patterns\gradient_pattern.h">
      <Filter>Header Files</Filter>
    </ClInclude>
    <ClInclude Include="patterns\pattern.h">
      <Filter>Header Files</Filter>
    </ClInclude>
    <ClInclude Include="patterns\ring_pattern.h">
      <Filter>Header Files</Filter>
    </ClInclude>
    <ClInclude Include="patterns\stripe_pattern.h">
      <Filter>Header Files</Filter>
    </ClInclude>
    <ClInclude Include="patterns\test_pattern.h">
      <Filter>Header Files</Filter>
    </ClInclude>
    <ClInclude Include="scene\camera.h">
      <Filter>Header Files</Filter>
    </ClInclude>
    <ClInclude Include="scene\canvas.h">
      <Filter>Header Files</Filter>
    </ClInclude>
    <ClInclude Include="scene\prepared_computation.h">
      <Filter>Header Files</Filter>
    </ClInclude>
    <ClInclude Include="scene\world.h">
      <Filter>Header Files</Filter>
    </ClInclude>
    <ClInclude Include="shapes\bounding_box.h">
      <Filter>Header Files</Filter>
    </ClInclude>
    <ClInclude Include="shapes\cone.h">
      <Filter>Header Files</Filter>
    </ClInclude>
    <ClInclude Include="shapes\cube.h">
      <Filter>Header Files</Filter>
    </ClInclude>
    <ClInclude Include="shapes\cylinder.h">
      <Filter>Header Files</Filter>
    </ClInclude>
    <ClInclude Include="shapes\glass_sphere.h">
      <Filter>Header Files</Filter>
    </ClInclude>
    <ClInclude Include="shapes\group.h">
      <Filter>Header Files</Filter>
    </ClInclude>
    <ClInclude Include="shapes\material.h">
      <Filter>Header Files</Filter>
    </ClInclude>
    <ClInclude Include="shapes\plane.h">
      <Filter>Header Files</Filter>
    </ClInclude>
    <ClInclude Include="shapes\shape.h">
      <Filter>Header Files</Filter>
    </ClInclude>
    <ClInclude Include="shapes\sphere.h">
      <Filter>Header Files</Filter>
    </ClInclude>
    <ClInclude Include="shapes\hexagon.h">
      <Filter>Header Files</Filter>
    </ClInclude>
    <ClInclude Include="shapes\triangle.h">
      <Filter>Header Files</Filter>
    </ClInclude>
    <ClInclude Include="shapes\obj_parser.h">
      <Filter>Header Files</Filter>
    </ClInclude>
    <ClInclude Include="samples\sample_teddy.h">
      <Filter>Header Files</Filter>
    </ClInclude>
    <ClInclude Include="samples\sample_glass_spheres.h">
      <Filter>Header Files</Filter>
    </ClInclude>
    <ClInclude Include="samples\sample_scene.h">
      <Filter>Header Files</Filter>
    </ClInclude>
  </ItemGroup>
  <ItemGroup>
    <None Include="samples\teddy.obj" />
    <None Include="samples\chaos_orb_min.obj" />
    <None Include="images\chaos_orb.png">
      <Filter>Resource Files</Filter>
    </None>
    <None Include="images\glass_reflection.png">
      <Filter>Resource Files</Filter>
    </None>
    <None Include="images\scene.png">
      <Filter>Resource Files</Filter>
    </None>
    <None Include="images\teddy.png">
      <Filter>Resource Files</Filter>
    </None>
  </ItemGroup>
</Project>